
Microsoft Visual Studio Solution File, Format Version 12.00
# Visual Studio 15
VisualStudioVersion = 15.0.28010.2050
MinimumVisualStudioVersion = 10.0.40219.1
Project("{FAE04EC0-301F-11D3-BF4B-00C04F79EFBC}") = "VisualStudioDemo", "VisualStudioDemo\VisualStudioDemo.csproj", "{FE069449-1E8D-41CC-8668-A01EBDACA3DC}"
EndProject
Global
	GlobalSection(SolutionConfigurationPlatforms) = preSolution
		Debug|Any CPU = Debug|Any CPU
		Release|Any CPU = Release|Any CPU
	EndGlobalSection
	GlobalSection(ProjectConfigurationPlatforms) = postSolution
		{FE069449-1E8D-41CC-8668-A01EBDACA3DC}.Debug|Any CPU.ActiveCfg = Debug|Any CPU
		{FE069449-1E8D-41CC-8668-A01EBDACA3DC}.Debug|Any CPU.Build.0 = Debug|Any CPU
		{FE069449-1E8D-41CC-8668-A01EBDACA3DC}.Release|Any CPU.ActiveCfg = Release|Any CPU
		{FE069449-1E8D-41CC-8668-A01EBDACA3DC}.Release|Any CPU.Build.0 = Release|Any CPU
	EndGlobalSection
	GlobalSection(SolutionProperties) = preSolution
		HideSolutionNode = FALSE
	EndGlobalSection
	GlobalSection(ExtensibilityGlobals) = postSolution
		SolutionGuid = {AF9D6C10-F62E-4373-911F-F8DBEF3710E1}
	EndGlobalSection
EndGlobal
